
Microsoft Visual Studio Solution File, Format Version 12.00
# Visual Studio 14
VisualStudioVersion = 14.0.25420.1
MinimumVisualStudioVersion = 10.0.40219.1
Project("{FAE04EC0-301F-11D3-BF4B-00C04F79EFBC}") = "RemoChassis", "RemoChassis\RemoChassis.csproj", "{228DD9BB-3042-4114-B64F-FA254E6F5C1F}"
EndProject
Project("{FAE04EC0-301F-11D3-BF4B-00C04F79EFBC}") = "AccelerIoT", "AccelerIoT\AccelerIoT.csproj", "{3ED8322D-1033-4A9E-884F-94FECDCD98AB}"
EndProject
Project("{FAE04EC0-301F-11D3-BF4B-00C04F79EFBC}") = "DzuoolIoT", "DzuoolIoT\DzuoolIoT.csproj", "{55C285E7-BAF4-4641-A38A-DE93E5AC5AF7}"
EndProject
Project("{FAE04EC0-301F-11D3-BF4B-00C04F79EFBC}") = "GPIOManager", "GPIOManager\GPIOManager.csproj", "{0B82F070-7D45-44FD-A3E6-2F59C5597064}"
EndProject
Global
	GlobalSection(SolutionConfigurationPlatforms) = preSolution
		Debug|Any CPU = Debug|Any CPU
		Debug|ARM = Debug|ARM
		Debug|x64 = Debug|x64
		Debug|x86 = Debug|x86
		Release|Any CPU = Release|Any CPU
		Release|ARM = Release|ARM
		Release|x64 = Release|x64
		Release|x86 = Release|x86
	EndGlobalSection
	GlobalSection(ProjectConfigurationPlatforms) = postSolution
		{228DD9BB-3042-4114-B64F-FA254E6F5C1F}.Debug|Any CPU.ActiveCfg = Debug|x86
		{228DD9BB-3042-4114-B64F-FA254E6F5C1F}.Debug|ARM.ActiveCfg = Debug|ARM
		{228DD9BB-3042-4114-B64F-FA254E6F5C1F}.Debug|ARM.Build.0 = Debug|ARM
		{228DD9BB-3042-4114-B64F-FA254E6F5C1F}.Debug|ARM.Deploy.0 = Debug|ARM
		{228DD9BB-3042-4114-B64F-FA254E6F5C1F}.Debug|x64.ActiveCfg = Debug|x64
		{228DD9BB-3042-4114-B64F-FA254E6F5C1F}.Debug|x64.Build.0 = Debug|x64
		{228DD9BB-3042-4114-B64F-FA254E6F5C1F}.Debug|x64.Deploy.0 = Debug|x64
		{228DD9BB-3042-4114-B64F-FA254E6F5C1F}.Debug|x86.ActiveCfg = Debug|x86
		{228DD9BB-3042-4114-B64F-FA254E6F5C1F}.Debug|x86.Build.0 = Debug|x86
		{228DD9BB-3042-4114-B64F-FA254E6F5C1F}.Debug|x86.Deploy.0 = Debug|x86
		{228DD9BB-3042-4114-B64F-FA254E6F5C1F}.Release|Any CPU.ActiveCfg = Release|x86
		{228DD9BB-3042-4114-B64F-FA254E6F5C1F}.Release|ARM.ActiveCfg = Release|ARM
		{228DD9BB-3042-4114-B64F-FA254E6F5C1F}.Release|ARM.Build.0 = Release|ARM
		{228DD9BB-3042-4114-B64F-FA254E6F5C1F}.Release|ARM.Deploy.0 = Release|ARM
		{228DD9BB-3042-4114-B64F-FA254E6F5C1F}.Release|x64.ActiveCfg = Release|x64
		{228DD9BB-3042-4114-B64F-FA254E6F5C1F}.Release|x64.Build.0 = Release|x64
		{228DD9BB-3042-4114-B64F-FA254E6F5C1F}.Release|x64.Deploy.0 = Release|x64
		{228DD9BB-3042-4114-B64F-FA254E6F5C1F}.Release|x86.ActiveCfg = Release|x86
		{228DD9BB-3042-4114-B64F-FA254E6F5C1F}.Release|x86.Build.0 = Release|x86
		{228DD9BB-3042-4114-B64F-FA254E6F5C1F}.Release|x86.Deploy.0 = Release|x86
		{3ED8322D-1033-4A9E-884F-94FECDCD98AB}.Debug|Any CPU.ActiveCfg = Debug|Any CPU
		{3ED8322D-1033-4A9E-884F-94FECDCD98AB}.Debug|Any CPU.Build.0 = Debug|Any CPU
		{3ED8322D-1033-4A9E-884F-94FECDCD98AB}.Debug|ARM.ActiveCfg = Debug|ARM
		{3ED8322D-1033-4A9E-884F-94FECDCD98AB}.Debug|ARM.Build.0 = Debug|ARM
		{3ED8322D-1033-4A9E-884F-94FECDCD98AB}.Debug|x64.ActiveCfg = Debug|x64
		{3ED8322D-1033-4A9E-884F-94FECDCD98AB}.Debug|x64.Build.0 = Debug|x64
		{3ED8322D-1033-4A9E-884F-94FECDCD98AB}.Debug|x86.ActiveCfg = Debug|x86
		{3ED8322D-1033-4A9E-884F-94FECDCD98AB}.Debug|x86.Build.0 = Debug|x86
		{3ED8322D-1033-4A9E-884F-94FECDCD98AB}.Release|Any CPU.ActiveCfg = Release|Any CPU
		{3ED8322D-1033-4A9E-884F-94FECDCD98AB}.Release|Any CPU.Build.0 = Release|Any CPU
		{3ED8322D-1033-4A9E-884F-94FECDCD98AB}.Release|ARM.ActiveCfg = Release|ARM
		{3ED8322D-1033-4A9E-884F-94FECDCD98AB}.Release|ARM.Build.0 = Release|ARM
		{3ED8322D-1033-4A9E-884F-94FECDCD98AB}.Release|x64.ActiveCfg = Release|x64
		{3ED8322D-1033-4A9E-884F-94FECDCD98AB}.Release|x64.Build.0 = Release|x64
		{3ED8322D-1033-4A9E-884F-94FECDCD98AB}.Release|x86.ActiveCfg = Release|x86
		{3ED8322D-1033-4A9E-884F-94FECDCD98AB}.Release|x86.Build.0 = Release|x86
		{55C285E7-BAF4-4641-A38A-DE93E5AC5AF7}.Debug|Any CPU.ActiveCfg = Debug|Any CPU
		{55C285E7-BAF4-4641-A38A-DE93E5AC5AF7}.Debug|Any CPU.Build.0 = Debug|Any CPU
		{55C285E7-BAF4-4641-A38A-DE93E5AC5AF7}.Debug|ARM.ActiveCfg = Debug|ARM
		{55C285E7-BAF4-4641-A38A-DE93E5AC5AF7}.Debug|ARM.Build.0 = Debug|ARM
		{55C285E7-BAF4-4641-A38A-DE93E5AC5AF7}.Debug|x64.ActiveCfg = Debug|x64
		{55C285E7-BAF4-4641-A38A-DE93E5AC5AF7}.Debug|x64.Build.0 = Debug|x64
		{55C285E7-BAF4-4641-A38A-DE93E5AC5AF7}.Debug|x86.ActiveCfg = Debug|x86
		{55C285E7-BAF4-4641-A38A-DE93E5AC5AF7}.Debug|x86.Build.0 = Debug|x86
		{55C285E7-BAF4-4641-A38A-DE93E5AC5AF7}.Release|Any CPU.ActiveCfg = Release|Any CPU
		{55C285E7-BAF4-4641-A38A-DE93E5AC5AF7}.Release|Any CPU.Build.0 = Release|Any CPU
		{55C285E7-BAF4-4641-A38A-DE93E5AC5AF7}.Release|ARM.ActiveCfg = Release|ARM
		{55C285E7-BAF4-4641-A38A-DE93E5AC5AF7}.Release|ARM.Build.0 = Release|ARM
		{55C285E7-BAF4-4641-A38A-DE93E5AC5AF7}.Release|x64.ActiveCfg = Release|x64
		{55C285E7-BAF4-4641-A38A-DE93E5AC5AF7}.Release|x64.Build.0 = Release|x64
		{55C285E7-BAF4-4641-A38A-DE93E5AC5AF7}.Release|x86.ActiveCfg = Release|x86
		{55C285E7-BAF4-4641-A38A-DE93E5AC5AF7}.Release|x86.Build.0 = Release|x86
		{0B82F070-7D45-44FD-A3E6-2F59C5597064}.Debug|Any CPU.ActiveCfg = Debug|Any CPU
		{0B82F070-7D45-44FD-A3E6-2F59C5597064}.Debug|Any CPU.Build.0 = Debug|Any CPU
		{0B82F070-7D45-44FD-A3E6-2F59C5597064}.Debug|ARM.ActiveCfg = Debug|ARM
		{0B82F070-7D45-44FD-A3E6-2F59C5597064}.Debug|ARM.Build.0 = Debug|ARM
		{0B82F070-7D45-44FD-A3E6-2F59C5597064}.Debug|x64.ActiveCfg = Debug|x64
		{0B82F070-7D45-44FD-A3E6-2F59C5597064}.Debug|x64.Build.0 = Debug|x64
		{0B82F070-7D45-44FD-A3E6-2F59C5597064}.Debug|x86.ActiveCfg = Debug|x86
		{0B82F070-7D45-44FD-A3E6-2F59C5597064}.Debug|x86.Build.0 = Debug|x86
		{0B82F070-7D45-44FD-A3E6-2F59C5597064}.Release|Any CPU.ActiveCfg = Release|Any CPU
		{0B82F070-7D45-44FD-A3E6-2F59C5597064}.Release|Any CPU.Build.0 = Release|Any CPU
		{0B82F070-7D45-44FD-A3E6-2F59C5597064}.Release|ARM.ActiveCfg = Release|ARM
		{0B82F070-7D45-44FD-A3E6-2F59C5597064}.Release|ARM.Build.0 = Release|ARM
		{0B82F070-7D45-44FD-A3E6-2F59C5597064}.Release|x64.ActiveCfg = Release|x64
		{0B82F070-7D45-44FD-A3E6-2F59C5597064}.Release|x64.Build.0 = Release|x64
		{0B82F070-7D45-44FD-A3E6-2F59C5597064}.Release|x86.ActiveCfg = Release|x86
		{0B82F070-7D45-44FD-A3E6-2F59C5597064}.Release|x86.Build.0 = Release|x86
	EndGlobalSection
	GlobalSection(SolutionProperties) = preSolution
		HideSolutionNode = FALSE
	EndGlobalSection
EndGlobal
