
Microsoft Visual Studio Solution File, Format Version 12.00
# Visual Studio 14
VisualStudioVersion = 14.0.25420.1
MinimumVisualStudioVersion = 10.0.40219.1
Project("{FAE04EC0-301F-11D3-BF4B-00C04F79EFBC}") = "AcceraIoT", "AcceraIoT\AcceraIoT.csproj", "{11CA90FD-8F99-4737-8600-B11480AEF95D}"
EndProject
Project("{FAE04EC0-301F-11D3-BF4B-00C04F79EFBC}") = "M2Mqtt.WinRT", "M2Mqtt\M2Mqtt.WinRT.csproj", "{0238F0E3-A02B-428D-8A3F-410D8F15BB50}"
EndProject
Project("{FAE04EC0-301F-11D3-BF4B-00C04F79EFBC}") = "IBMWIoTP", "IBMWIoTP\IBMWIoTP.csproj", "{A41D9542-C3DF-422C-8293-457EEE710A90}"
EndProject
Project("{FAE04EC0-301F-11D3-BF4B-00C04F79EFBC}") = "IBMWatsonIoTP", "IBMWatsonIoTP\IBMWatsonIoTP.csproj", "{077723C2-619B-4530-851A-2793C82CD93B}"
EndProject
Project("{FAE04EC0-301F-11D3-BF4B-00C04F79EFBC}") = "M2Mqtt.Net", "M2Mqtt\M2Mqtt.Net.csproj", "{A11AEF5A-B246-4FE8-8330-06DB73CC8074}"
EndProject
Project("{FAE04EC0-301F-11D3-BF4B-00C04F79EFBC}") = "BluePublisher", "BluePublisher\BluePublisher.csproj", "{9CF14829-8B43-4366-B8D7-BA2B0B05AEF7}"
EndProject
Project("{FAE04EC0-301F-11D3-BF4B-00C04F79EFBC}") = "Shared", "Shared\Shared.csproj", "{4F3A276A-B852-4514-A71E-BF37AC6F2BC9}"
EndProject
Global
	GlobalSection(SolutionConfigurationPlatforms) = preSolution
		Debug|Any CPU = Debug|Any CPU
		Debug|ARM = Debug|ARM
		Debug|x64 = Debug|x64
		Debug|x86 = Debug|x86
		Release|Any CPU = Release|Any CPU
		Release|ARM = Release|ARM
		Release|x64 = Release|x64
		Release|x86 = Release|x86
	EndGlobalSection
	GlobalSection(ProjectConfigurationPlatforms) = postSolution
		{11CA90FD-8F99-4737-8600-B11480AEF95D}.Debug|Any CPU.ActiveCfg = Debug|Any CPU
		{11CA90FD-8F99-4737-8600-B11480AEF95D}.Debug|Any CPU.Build.0 = Debug|Any CPU
		{11CA90FD-8F99-4737-8600-B11480AEF95D}.Debug|Any CPU.Deploy.0 = Debug|Any CPU
		{11CA90FD-8F99-4737-8600-B11480AEF95D}.Debug|ARM.ActiveCfg = Debug|ARM
		{11CA90FD-8F99-4737-8600-B11480AEF95D}.Debug|ARM.Build.0 = Debug|ARM
		{11CA90FD-8F99-4737-8600-B11480AEF95D}.Debug|ARM.Deploy.0 = Debug|ARM
		{11CA90FD-8F99-4737-8600-B11480AEF95D}.Debug|x64.ActiveCfg = Debug|Any CPU
		{11CA90FD-8F99-4737-8600-B11480AEF95D}.Debug|x64.Build.0 = Debug|Any CPU
		{11CA90FD-8F99-4737-8600-B11480AEF95D}.Debug|x64.Deploy.0 = Debug|Any CPU
		{11CA90FD-8F99-4737-8600-B11480AEF95D}.Debug|x86.ActiveCfg = Debug|x86
		{11CA90FD-8F99-4737-8600-B11480AEF95D}.Debug|x86.Build.0 = Debug|x86
		{11CA90FD-8F99-4737-8600-B11480AEF95D}.Debug|x86.Deploy.0 = Debug|x86
		{11CA90FD-8F99-4737-8600-B11480AEF95D}.Release|Any CPU.ActiveCfg = Release|Any CPU
		{11CA90FD-8F99-4737-8600-B11480AEF95D}.Release|Any CPU.Build.0 = Release|Any CPU
		{11CA90FD-8F99-4737-8600-B11480AEF95D}.Release|Any CPU.Deploy.0 = Release|Any CPU
		{11CA90FD-8F99-4737-8600-B11480AEF95D}.Release|ARM.ActiveCfg = Release|ARM
		{11CA90FD-8F99-4737-8600-B11480AEF95D}.Release|ARM.Build.0 = Release|ARM
		{11CA90FD-8F99-4737-8600-B11480AEF95D}.Release|ARM.Deploy.0 = Release|ARM
		{11CA90FD-8F99-4737-8600-B11480AEF95D}.Release|x64.ActiveCfg = Release|Any CPU
		{11CA90FD-8F99-4737-8600-B11480AEF95D}.Release|x64.Build.0 = Release|Any CPU
		{11CA90FD-8F99-4737-8600-B11480AEF95D}.Release|x64.Deploy.0 = Release|Any CPU
		{11CA90FD-8F99-4737-8600-B11480AEF95D}.Release|x86.ActiveCfg = Release|x86
		{11CA90FD-8F99-4737-8600-B11480AEF95D}.Release|x86.Build.0 = Release|x86
		{11CA90FD-8F99-4737-8600-B11480AEF95D}.Release|x86.Deploy.0 = Release|x86
		{0238F0E3-A02B-428D-8A3F-410D8F15BB50}.Debug|Any CPU.ActiveCfg = Debug|Any CPU
		{0238F0E3-A02B-428D-8A3F-410D8F15BB50}.Debug|Any CPU.Build.0 = Debug|Any CPU
		{0238F0E3-A02B-428D-8A3F-410D8F15BB50}.Debug|ARM.ActiveCfg = Debug|Any CPU
		{0238F0E3-A02B-428D-8A3F-410D8F15BB50}.Debug|ARM.Build.0 = Debug|Any CPU
		{0238F0E3-A02B-428D-8A3F-410D8F15BB50}.Debug|x64.ActiveCfg = Debug|Any CPU
		{0238F0E3-A02B-428D-8A3F-410D8F15BB50}.Debug|x64.Build.0 = Debug|Any CPU
		{0238F0E3-A02B-428D-8A3F-410D8F15BB50}.Debug|x86.ActiveCfg = Debug|Any CPU
		{0238F0E3-A02B-428D-8A3F-410D8F15BB50}.Debug|x86.Build.0 = Debug|Any CPU
		{0238F0E3-A02B-428D-8A3F-410D8F15BB50}.Release|Any CPU.ActiveCfg = Release|Any CPU
		{0238F0E3-A02B-428D-8A3F-410D8F15BB50}.Release|Any CPU.Build.0 = Release|Any CPU
		{0238F0E3-A02B-428D-8A3F-410D8F15BB50}.Release|ARM.ActiveCfg = Release|Any CPU
		{0238F0E3-A02B-428D-8A3F-410D8F15BB50}.Release|ARM.Build.0 = Release|Any CPU
		{0238F0E3-A02B-428D-8A3F-410D8F15BB50}.Release|x64.ActiveCfg = Release|Any CPU
		{0238F0E3-A02B-428D-8A3F-410D8F15BB50}.Release|x64.Build.0 = Release|Any CPU
		{0238F0E3-A02B-428D-8A3F-410D8F15BB50}.Release|x86.ActiveCfg = Release|Any CPU
		{0238F0E3-A02B-428D-8A3F-410D8F15BB50}.Release|x86.Build.0 = Release|Any CPU
		{A41D9542-C3DF-422C-8293-457EEE710A90}.Debug|Any CPU.ActiveCfg = Debug|Any CPU
		{A41D9542-C3DF-422C-8293-457EEE710A90}.Debug|Any CPU.Build.0 = Debug|Any CPU
		{A41D9542-C3DF-422C-8293-457EEE710A90}.Debug|ARM.ActiveCfg = Debug|Any CPU
		{A41D9542-C3DF-422C-8293-457EEE710A90}.Debug|ARM.Build.0 = Debug|Any CPU
		{A41D9542-C3DF-422C-8293-457EEE710A90}.Debug|x64.ActiveCfg = Debug|Any CPU
		{A41D9542-C3DF-422C-8293-457EEE710A90}.Debug|x64.Build.0 = Debug|Any CPU
		{A41D9542-C3DF-422C-8293-457EEE710A90}.Debug|x86.ActiveCfg = Debug|Any CPU
		{A41D9542-C3DF-422C-8293-457EEE710A90}.Debug|x86.Build.0 = Debug|Any CPU
		{A41D9542-C3DF-422C-8293-457EEE710A90}.Release|Any CPU.ActiveCfg = Release|Any CPU
		{A41D9542-C3DF-422C-8293-457EEE710A90}.Release|Any CPU.Build.0 = Release|Any CPU
		{A41D9542-C3DF-422C-8293-457EEE710A90}.Release|ARM.ActiveCfg = Release|Any CPU
		{A41D9542-C3DF-422C-8293-457EEE710A90}.Release|ARM.Build.0 = Release|Any CPU
		{A41D9542-C3DF-422C-8293-457EEE710A90}.Release|x64.ActiveCfg = Release|Any CPU
		{A41D9542-C3DF-422C-8293-457EEE710A90}.Release|x64.Build.0 = Release|Any CPU
		{A41D9542-C3DF-422C-8293-457EEE710A90}.Release|x86.ActiveCfg = Release|Any CPU
		{A41D9542-C3DF-422C-8293-457EEE710A90}.Release|x86.Build.0 = Release|Any CPU
		{077723C2-619B-4530-851A-2793C82CD93B}.Debug|Any CPU.ActiveCfg = Debug|Any CPU
		{077723C2-619B-4530-851A-2793C82CD93B}.Debug|Any CPU.Build.0 = Debug|Any CPU
		{077723C2-619B-4530-851A-2793C82CD93B}.Debug|ARM.ActiveCfg = Debug|Any CPU
		{077723C2-619B-4530-851A-2793C82CD93B}.Debug|ARM.Build.0 = Debug|Any CPU
		{077723C2-619B-4530-851A-2793C82CD93B}.Debug|x64.ActiveCfg = Debug|Any CPU
		{077723C2-619B-4530-851A-2793C82CD93B}.Debug|x64.Build.0 = Debug|Any CPU
		{077723C2-619B-4530-851A-2793C82CD93B}.Debug|x86.ActiveCfg = Debug|Any CPU
		{077723C2-619B-4530-851A-2793C82CD93B}.Debug|x86.Build.0 = Debug|Any CPU
		{077723C2-619B-4530-851A-2793C82CD93B}.Release|Any CPU.ActiveCfg = Release|Any CPU
		{077723C2-619B-4530-851A-2793C82CD93B}.Release|Any CPU.Build.0 = Release|Any CPU
		{077723C2-619B-4530-851A-2793C82CD93B}.Release|ARM.ActiveCfg = Release|Any CPU
		{077723C2-619B-4530-851A-2793C82CD93B}.Release|ARM.Build.0 = Release|Any CPU
		{077723C2-619B-4530-851A-2793C82CD93B}.Release|x64.ActiveCfg = Release|Any CPU
		{077723C2-619B-4530-851A-2793C82CD93B}.Release|x64.Build.0 = Release|Any CPU
		{077723C2-619B-4530-851A-2793C82CD93B}.Release|x86.ActiveCfg = Release|Any CPU
		{077723C2-619B-4530-851A-2793C82CD93B}.Release|x86.Build.0 = Release|Any CPU
		{A11AEF5A-B246-4FE8-8330-06DB73CC8074}.Debug|Any CPU.ActiveCfg = Debug|Any CPU
		{A11AEF5A-B246-4FE8-8330-06DB73CC8074}.Debug|Any CPU.Build.0 = Debug|Any CPU
		{A11AEF5A-B246-4FE8-8330-06DB73CC8074}.Debug|ARM.ActiveCfg = Debug|Any CPU
		{A11AEF5A-B246-4FE8-8330-06DB73CC8074}.Debug|ARM.Build.0 = Debug|Any CPU
		{A11AEF5A-B246-4FE8-8330-06DB73CC8074}.Debug|x64.ActiveCfg = Debug|Any CPU
		{A11AEF5A-B246-4FE8-8330-06DB73CC8074}.Debug|x64.Build.0 = Debug|Any CPU
		{A11AEF5A-B246-4FE8-8330-06DB73CC8074}.Debug|x86.ActiveCfg = Debug|Any CPU
		{A11AEF5A-B246-4FE8-8330-06DB73CC8074}.Debug|x86.Build.0 = Debug|Any CPU
		{A11AEF5A-B246-4FE8-8330-06DB73CC8074}.Release|Any CPU.ActiveCfg = Release|Any CPU
		{A11AEF5A-B246-4FE8-8330-06DB73CC8074}.Release|Any CPU.Build.0 = Release|Any CPU
		{A11AEF5A-B246-4FE8-8330-06DB73CC8074}.Release|ARM.ActiveCfg = Release|Any CPU
		{A11AEF5A-B246-4FE8-8330-06DB73CC8074}.Release|ARM.Build.0 = Release|Any CPU
		{A11AEF5A-B246-4FE8-8330-06DB73CC8074}.Release|x64.ActiveCfg = Release|Any CPU
		{A11AEF5A-B246-4FE8-8330-06DB73CC8074}.Release|x64.Build.0 = Release|Any CPU
		{A11AEF5A-B246-4FE8-8330-06DB73CC8074}.Release|x86.ActiveCfg = Release|Any CPU
		{A11AEF5A-B246-4FE8-8330-06DB73CC8074}.Release|x86.Build.0 = Release|Any CPU
		{9CF14829-8B43-4366-B8D7-BA2B0B05AEF7}.Debug|Any CPU.ActiveCfg = Debug|x86
		{9CF14829-8B43-4366-B8D7-BA2B0B05AEF7}.Debug|ARM.ActiveCfg = Debug|ARM
		{9CF14829-8B43-4366-B8D7-BA2B0B05AEF7}.Debug|ARM.Build.0 = Debug|ARM
		{9CF14829-8B43-4366-B8D7-BA2B0B05AEF7}.Debug|ARM.Deploy.0 = Debug|ARM
		{9CF14829-8B43-4366-B8D7-BA2B0B05AEF7}.Debug|x64.ActiveCfg = Debug|x64
		{9CF14829-8B43-4366-B8D7-BA2B0B05AEF7}.Debug|x64.Build.0 = Debug|x64
		{9CF14829-8B43-4366-B8D7-BA2B0B05AEF7}.Debug|x64.Deploy.0 = Debug|x64
		{9CF14829-8B43-4366-B8D7-BA2B0B05AEF7}.Debug|x86.ActiveCfg = Debug|x86
		{9CF14829-8B43-4366-B8D7-BA2B0B05AEF7}.Debug|x86.Build.0 = Debug|x86
		{9CF14829-8B43-4366-B8D7-BA2B0B05AEF7}.Debug|x86.Deploy.0 = Debug|x86
		{9CF14829-8B43-4366-B8D7-BA2B0B05AEF7}.Release|Any CPU.ActiveCfg = Release|x86
		{9CF14829-8B43-4366-B8D7-BA2B0B05AEF7}.Release|ARM.ActiveCfg = Release|ARM
		{9CF14829-8B43-4366-B8D7-BA2B0B05AEF7}.Release|ARM.Build.0 = Release|ARM
		{9CF14829-8B43-4366-B8D7-BA2B0B05AEF7}.Release|ARM.Deploy.0 = Release|ARM
		{9CF14829-8B43-4366-B8D7-BA2B0B05AEF7}.Release|x64.ActiveCfg = Release|x64
		{9CF14829-8B43-4366-B8D7-BA2B0B05AEF7}.Release|x64.Build.0 = Release|x64
		{9CF14829-8B43-4366-B8D7-BA2B0B05AEF7}.Release|x64.Deploy.0 = Release|x64
		{9CF14829-8B43-4366-B8D7-BA2B0B05AEF7}.Release|x86.ActiveCfg = Release|x86
		{9CF14829-8B43-4366-B8D7-BA2B0B05AEF7}.Release|x86.Build.0 = Release|x86
		{9CF14829-8B43-4366-B8D7-BA2B0B05AEF7}.Release|x86.Deploy.0 = Release|x86
		{4F3A276A-B852-4514-A71E-BF37AC6F2BC9}.Debug|Any CPU.ActiveCfg = Debug|Any CPU
		{4F3A276A-B852-4514-A71E-BF37AC6F2BC9}.Debug|Any CPU.Build.0 = Debug|Any CPU
		{4F3A276A-B852-4514-A71E-BF37AC6F2BC9}.Debug|ARM.ActiveCfg = Debug|ARM
		{4F3A276A-B852-4514-A71E-BF37AC6F2BC9}.Debug|ARM.Build.0 = Debug|ARM
		{4F3A276A-B852-4514-A71E-BF37AC6F2BC9}.Debug|x64.ActiveCfg = Debug|x64
		{4F3A276A-B852-4514-A71E-BF37AC6F2BC9}.Debug|x64.Build.0 = Debug|x64
		{4F3A276A-B852-4514-A71E-BF37AC6F2BC9}.Debug|x86.ActiveCfg = Debug|x86
		{4F3A276A-B852-4514-A71E-BF37AC6F2BC9}.Debug|x86.Build.0 = Debug|x86
		{4F3A276A-B852-4514-A71E-BF37AC6F2BC9}.Release|Any CPU.ActiveCfg = Release|Any CPU
		{4F3A276A-B852-4514-A71E-BF37AC6F2BC9}.Release|Any CPU.Build.0 = Release|Any CPU
		{4F3A276A-B852-4514-A71E-BF37AC6F2BC9}.Release|ARM.ActiveCfg = Release|ARM
		{4F3A276A-B852-4514-A71E-BF37AC6F2BC9}.Release|ARM.Build.0 = Release|ARM
		{4F3A276A-B852-4514-A71E-BF37AC6F2BC9}.Release|x64.ActiveCfg = Release|x64
		{4F3A276A-B852-4514-A71E-BF37AC6F2BC9}.Release|x64.Build.0 = Release|x64
		{4F3A276A-B852-4514-A71E-BF37AC6F2BC9}.Release|x86.ActiveCfg = Release|x86
		{4F3A276A-B852-4514-A71E-BF37AC6F2BC9}.Release|x86.Build.0 = Release|x86
	EndGlobalSection
	GlobalSection(SolutionProperties) = preSolution
		HideSolutionNode = FALSE
	EndGlobalSection
EndGlobal
